
Microsoft Visual Studio Solution File, Format Version 12.00
# Visual Studio Version 17
VisualStudioVersion = 17.5.33502.453
MinimumVisualStudioVersion = 10.0.40219.1
Project("{2150E333-8FDC-42A3-9474-1A3956D46DE8}") = "src", "src", "{0BCD192E-7491-429C-9FC4-859D2FBAB761}"
EndProject
Project("{2150E333-8FDC-42A3-9474-1A3956D46DE8}") = "corePackages", "corePackages", "{A78BAC8E-41A4-4592-A426-D2DCAF487530}"
EndProject
Project("{9A19103F-16F7-4668-BE54-9A1E7A4F7556}") = "Core.Application", "src\corePackages\Core.Application\Core.Application.csproj", "{1DCB5588-E6ED-4CFA-A689-D0873938BBDD}"
EndProject
Project("{9A19103F-16F7-4668-BE54-9A1E7A4F7556}") = "Core.CrossCuttingConcerns", "src\corePackages\Core.CrossCuttingConcerns\Core.CrossCuttingConcerns.csproj", "{C661F1C5-6390-4AEA-9F5E-ADCE3C0F403E}"
EndProject
Project("{9A19103F-16F7-4668-BE54-9A1E7A4F7556}") = "Core.Persistence", "src\corePackages\Core.Persistence\Core.Persistence.csproj", "{2729B0E7-F714-4475-BC24-5B4265872C5D}"
EndProject
Project("{2150E333-8FDC-42A3-9474-1A3956D46DE8}") = "ApiGateways", "ApiGateways", "{435A6112-B394-471C-9249-5B5034F92359}"
EndProject
Project("{2150E333-8FDC-42A3-9474-1A3956D46DE8}") = "projects", "projects", "{69BCBBF2-8763-44CD-99B5-13B3127010FC}"
EndProject
Project("{2150E333-8FDC-42A3-9474-1A3956D46DE8}") = "universityAssistant", "universityAssistant", "{29D093F9-7757-464D-AFA9-28B4D30276E6}"
EndProject
Project("{2150E333-8FDC-42A3-9474-1A3956D46DE8}") = "WebApiGateways", "WebApiGateways", "{4A9F6AB8-7301-4D54-8E0F-1B722F8A6956}"
EndProject
Project("{9A19103F-16F7-4668-BE54-9A1E7A4F7556}") = "Web.ApiGateway", "src\projects\universityAssistant\ApiGateways\WebApiGateways\Web.ApiGateway\Web.ApiGateway.csproj", "{226B8FD2-81DC-4788-96B9-E723F0ABBA96}"
EndProject
Project("{2150E333-8FDC-42A3-9474-1A3956D46DE8}") = "Çözüm Öğeleri", "Çözüm Öğeleri", "{2C4C33C2-DA02-4288-9BB5-8B0235131CD9}"
	ProjectSection(SolutionItems) = preProject
		ServiceUrls.txt = ServiceUrls.txt
	EndProjectSection
EndProject
Project("{2150E333-8FDC-42A3-9474-1A3956D46DE8}") = "Services", "Services", "{09844188-DCE2-45B8-9351-38918782A34B}"
EndProject
Project("{2150E333-8FDC-42A3-9474-1A3956D46DE8}") = "IdentityService", "IdentityService", "{46885000-E0E9-4D95-9DFB-5EC98AFBE2B6}"
EndProject
Project("{9A19103F-16F7-4668-BE54-9A1E7A4F7556}") = "IdentityService.Api", "src\projects\universityAssistant\Services\IdentityService\IdentityService.Api\IdentityService.Api.csproj", "{CEC6A60E-4538-470D-983E-9A680C8B9DE7}"
EndProject
Project("{E53339B2-1760-4266-BCC7-CA923CBCF16C}") = "docker-compose", "docker-compose.dcproj", "{3D9F5ECC-9F2F-4862-8B44-5017C742F55B}"
EndProject
Project("{2150E333-8FDC-42A3-9474-1A3956D46DE8}") = "Clients", "Clients", "{2FE7DA4D-953E-44CF-AA48-080AA96C1526}"
EndProject
Project("{2150E333-8FDC-42A3-9474-1A3956D46DE8}") = "docker-compose-files", "docker-compose-files", "{455E13AB-8C77-44CE-8F99-FB33E4852FE5}"
EndProject
Project("{2150E333-8FDC-42A3-9474-1A3956D46DE8}") = "graylog", "graylog", "{59C6C8E7-933A-4FD6-BE59-B55C762C9D85}"
	ProjectSection(SolutionItems) = preProject
		docker-compose-files\graylog\docker-compose.yml = docker-compose-files\graylog\docker-compose.yml
	EndProjectSection
EndProject
Project("{2150E333-8FDC-42A3-9474-1A3956D46DE8}") = "Presentation", "Presentation", "{4A15FDBD-C172-4283-93E9-F0ADA27D1EBE}"
EndProject
Project("{2150E333-8FDC-42A3-9474-1A3956D46DE8}") = "Core", "Core", "{2BBF1E2A-0D12-4827-8CFA-D36C4317C36C}"
EndProject
Project("{2150E333-8FDC-42A3-9474-1A3956D46DE8}") = "Infrastructure", "Infrastructure", "{EA18C5DF-5B67-467D-9512-84B3A90D1DFD}"
EndProject
Project("{9A19103F-16F7-4668-BE54-9A1E7A4F7556}") = "IdentityService.Infrastructure", "src\projects\universityAssistant\Services\IdentityService\Infrastructure\IdentityService.Infrastructure\IdentityService.Infrastructure.csproj", "{10FEB2A8-5BA5-45FB-A97E-E87288CE7F66}"
EndProject
Project("{9A19103F-16F7-4668-BE54-9A1E7A4F7556}") = "IdentityService.Persistence", "src\projects\universityAssistant\Services\IdentityService\Infrastructure\IdentityService.Persistence\IdentityService.Persistence.csproj", "{D2C98560-8544-46C3-8BFB-F600C8185083}"
EndProject
Project("{9A19103F-16F7-4668-BE54-9A1E7A4F7556}") = "IdentityService.Application", "src\projects\universityAssistant\Services\IdentityService\Core\IdentityService.Application\IdentityService.Application.csproj", "{8DC85047-C1A6-4CCD-87FE-763039A8A27D}"
EndProject
Project("{9A19103F-16F7-4668-BE54-9A1E7A4F7556}") = "IdentityService.Domain", "src\projects\universityAssistant\Services\IdentityService\Core\IdentityService.Domain\IdentityService.Domain.csproj", "{37EE6564-4F15-43AD-8FF1-131EB53EC152}"
EndProject
Project("{54A90642-561A-4BB1-A94E-469ADEE60C69}") = "webui", "src\projects\universityAssistant\Clients\webui\webui.esproj", "{E3BFAD72-D7BB-4B6A-91F6-F9C71708C483}"
EndProject
Project("{2150E333-8FDC-42A3-9474-1A3956D46DE8}") = "BuildingBlocks", "BuildingBlocks", "{50EB1573-2BF9-4471-89C3-7F3156D385B3}"
EndProject
Project("{2150E333-8FDC-42A3-9474-1A3956D46DE8}") = "EventBus", "EventBus", "{200C08CF-DD7A-4D44-93B5-FDA837555B66}"
EndProject
Project("{9A19103F-16F7-4668-BE54-9A1E7A4F7556}") = "EventBus.AzureServiceBus", "src\BuildingBlocks\EventBus\EventBus.AzureServiceBus\EventBus.AzureServiceBus.csproj", "{75AE234C-3311-4B8B-B42B-9B5FF8F01E35}"
EndProject
Project("{9A19103F-16F7-4668-BE54-9A1E7A4F7556}") = "EventBus.Base", "src\BuildingBlocks\EventBus\EventBus.Base\EventBus.Base.csproj", "{90018046-70B2-45AE-9864-2B891DE2760F}"
EndProject
Project("{9A19103F-16F7-4668-BE54-9A1E7A4F7556}") = "EventBus.Factory", "src\BuildingBlocks\EventBus\EventBus.Factory\EventBus.Factory.csproj", "{B90894FA-B352-4711-B42B-990BD19A3F2F}"
EndProject
Project("{9A19103F-16F7-4668-BE54-9A1E7A4F7556}") = "EventBus.RabbitMQ", "src\BuildingBlocks\EventBus\EventBus.RabbitMQ\EventBus.RabbitMQ.csproj", "{24BBB88F-C0D3-48FE-9D55-3164BA945E0E}"
EndProject
Project("{2150E333-8FDC-42A3-9474-1A3956D46DE8}") = "tests", "tests", "{932295A0-BB06-409B-9FD7-27EAD0C882D5}"
EndProject
Project("{9A19103F-16F7-4668-BE54-9A1E7A4F7556}") = "EventBus.UnitTest", "tests\EventBus.UnitTest\EventBus.UnitTest.csproj", "{2DE115AE-8B5A-4D13-BF2C-2CCD7BA9421C}"
EndProject
Project("{2150E333-8FDC-42A3-9474-1A3956D46DE8}") = "NotificationService", "NotificationService", "{F09145F0-BF7A-4A77-90DE-C7687585A2B6}"
EndProject
Project("{FAE04EC0-301F-11D3-BF4B-00C04F79EFBC}") = "NotificationService.Api", "src\projects\universityAssistant\Services\NotificationService\NotificationService.Api\NotificationService.Api.csproj", "{F41773F0-43D0-4179-8422-056C840B4B71}"
EndProject
Global
	GlobalSection(SolutionConfigurationPlatforms) = preSolution
		Debug|Any CPU = Debug|Any CPU
		Release|Any CPU = Release|Any CPU
	EndGlobalSection
	GlobalSection(ProjectConfigurationPlatforms) = postSolution
		{1DCB5588-E6ED-4CFA-A689-D0873938BBDD}.Debug|Any CPU.ActiveCfg = Debug|Any CPU
		{1DCB5588-E6ED-4CFA-A689-D0873938BBDD}.Debug|Any CPU.Build.0 = Debug|Any CPU
		{1DCB5588-E6ED-4CFA-A689-D0873938BBDD}.Release|Any CPU.ActiveCfg = Release|Any CPU
		{1DCB5588-E6ED-4CFA-A689-D0873938BBDD}.Release|Any CPU.Build.0 = Release|Any CPU
		{C661F1C5-6390-4AEA-9F5E-ADCE3C0F403E}.Debug|Any CPU.ActiveCfg = Debug|Any CPU
		{C661F1C5-6390-4AEA-9F5E-ADCE3C0F403E}.Debug|Any CPU.Build.0 = Debug|Any CPU
		{C661F1C5-6390-4AEA-9F5E-ADCE3C0F403E}.Release|Any CPU.ActiveCfg = Release|Any CPU
		{C661F1C5-6390-4AEA-9F5E-ADCE3C0F403E}.Release|Any CPU.Build.0 = Release|Any CPU
		{2729B0E7-F714-4475-BC24-5B4265872C5D}.Debug|Any CPU.ActiveCfg = Debug|Any CPU
		{2729B0E7-F714-4475-BC24-5B4265872C5D}.Debug|Any CPU.Build.0 = Debug|Any CPU
		{2729B0E7-F714-4475-BC24-5B4265872C5D}.Release|Any CPU.ActiveCfg = Release|Any CPU
		{2729B0E7-F714-4475-BC24-5B4265872C5D}.Release|Any CPU.Build.0 = Release|Any CPU
		{226B8FD2-81DC-4788-96B9-E723F0ABBA96}.Debug|Any CPU.ActiveCfg = Debug|Any CPU
		{226B8FD2-81DC-4788-96B9-E723F0ABBA96}.Debug|Any CPU.Build.0 = Debug|Any CPU
		{226B8FD2-81DC-4788-96B9-E723F0ABBA96}.Release|Any CPU.ActiveCfg = Release|Any CPU
		{226B8FD2-81DC-4788-96B9-E723F0ABBA96}.Release|Any CPU.Build.0 = Release|Any CPU
		{CEC6A60E-4538-470D-983E-9A680C8B9DE7}.Debug|Any CPU.ActiveCfg = Debug|Any CPU
		{CEC6A60E-4538-470D-983E-9A680C8B9DE7}.Debug|Any CPU.Build.0 = Debug|Any CPU
		{CEC6A60E-4538-470D-983E-9A680C8B9DE7}.Release|Any CPU.ActiveCfg = Release|Any CPU
		{CEC6A60E-4538-470D-983E-9A680C8B9DE7}.Release|Any CPU.Build.0 = Release|Any CPU
		{3D9F5ECC-9F2F-4862-8B44-5017C742F55B}.Debug|Any CPU.ActiveCfg = Debug|Any CPU
		{3D9F5ECC-9F2F-4862-8B44-5017C742F55B}.Debug|Any CPU.Build.0 = Debug|Any CPU
		{3D9F5ECC-9F2F-4862-8B44-5017C742F55B}.Release|Any CPU.ActiveCfg = Release|Any CPU
		{3D9F5ECC-9F2F-4862-8B44-5017C742F55B}.Release|Any CPU.Build.0 = Release|Any CPU
		{10FEB2A8-5BA5-45FB-A97E-E87288CE7F66}.Debug|Any CPU.ActiveCfg = Debug|Any CPU
		{10FEB2A8-5BA5-45FB-A97E-E87288CE7F66}.Debug|Any CPU.Build.0 = Debug|Any CPU
		{10FEB2A8-5BA5-45FB-A97E-E87288CE7F66}.Release|Any CPU.ActiveCfg = Release|Any CPU
		{10FEB2A8-5BA5-45FB-A97E-E87288CE7F66}.Release|Any CPU.Build.0 = Release|Any CPU
		{D2C98560-8544-46C3-8BFB-F600C8185083}.Debug|Any CPU.ActiveCfg = Debug|Any CPU
		{D2C98560-8544-46C3-8BFB-F600C8185083}.Debug|Any CPU.Build.0 = Debug|Any CPU
		{D2C98560-8544-46C3-8BFB-F600C8185083}.Release|Any CPU.ActiveCfg = Release|Any CPU
		{D2C98560-8544-46C3-8BFB-F600C8185083}.Release|Any CPU.Build.0 = Release|Any CPU
		{8DC85047-C1A6-4CCD-87FE-763039A8A27D}.Debug|Any CPU.ActiveCfg = Debug|Any CPU
		{8DC85047-C1A6-4CCD-87FE-763039A8A27D}.Debug|Any CPU.Build.0 = Debug|Any CPU
		{8DC85047-C1A6-4CCD-87FE-763039A8A27D}.Release|Any CPU.ActiveCfg = Release|Any CPU
		{8DC85047-C1A6-4CCD-87FE-763039A8A27D}.Release|Any CPU.Build.0 = Release|Any CPU
		{37EE6564-4F15-43AD-8FF1-131EB53EC152}.Debug|Any CPU.ActiveCfg = Debug|Any CPU
		{37EE6564-4F15-43AD-8FF1-131EB53EC152}.Debug|Any CPU.Build.0 = Debug|Any CPU
		{37EE6564-4F15-43AD-8FF1-131EB53EC152}.Release|Any CPU.ActiveCfg = Release|Any CPU
		{37EE6564-4F15-43AD-8FF1-131EB53EC152}.Release|Any CPU.Build.0 = Release|Any CPU
		{E3BFAD72-D7BB-4B6A-91F6-F9C71708C483}.Debug|Any CPU.ActiveCfg = Debug|Any CPU
		{E3BFAD72-D7BB-4B6A-91F6-F9C71708C483}.Debug|Any CPU.Build.0 = Debug|Any CPU
		{E3BFAD72-D7BB-4B6A-91F6-F9C71708C483}.Debug|Any CPU.Deploy.0 = Debug|Any CPU
		{E3BFAD72-D7BB-4B6A-91F6-F9C71708C483}.Release|Any CPU.ActiveCfg = Release|Any CPU
		{E3BFAD72-D7BB-4B6A-91F6-F9C71708C483}.Release|Any CPU.Build.0 = Release|Any CPU
		{E3BFAD72-D7BB-4B6A-91F6-F9C71708C483}.Release|Any CPU.Deploy.0 = Release|Any CPU
		{75AE234C-3311-4B8B-B42B-9B5FF8F01E35}.Debug|Any CPU.ActiveCfg = Debug|Any CPU
		{75AE234C-3311-4B8B-B42B-9B5FF8F01E35}.Debug|Any CPU.Build.0 = Debug|Any CPU
		{75AE234C-3311-4B8B-B42B-9B5FF8F01E35}.Release|Any CPU.ActiveCfg = Release|Any CPU
		{75AE234C-3311-4B8B-B42B-9B5FF8F01E35}.Release|Any CPU.Build.0 = Release|Any CPU
		{90018046-70B2-45AE-9864-2B891DE2760F}.Debug|Any CPU.ActiveCfg = Debug|Any CPU
		{90018046-70B2-45AE-9864-2B891DE2760F}.Debug|Any CPU.Build.0 = Debug|Any CPU
		{90018046-70B2-45AE-9864-2B891DE2760F}.Release|Any CPU.ActiveCfg = Release|Any CPU
		{90018046-70B2-45AE-9864-2B891DE2760F}.Release|Any CPU.Build.0 = Release|Any CPU
		{B90894FA-B352-4711-B42B-990BD19A3F2F}.Debug|Any CPU.ActiveCfg = Debug|Any CPU
		{B90894FA-B352-4711-B42B-990BD19A3F2F}.Debug|Any CPU.Build.0 = Debug|Any CPU
		{B90894FA-B352-4711-B42B-990BD19A3F2F}.Release|Any CPU.ActiveCfg = Release|Any CPU
		{B90894FA-B352-4711-B42B-990BD19A3F2F}.Release|Any CPU.Build.0 = Release|Any CPU
		{24BBB88F-C0D3-48FE-9D55-3164BA945E0E}.Debug|Any CPU.ActiveCfg = Debug|Any CPU
		{24BBB88F-C0D3-48FE-9D55-3164BA945E0E}.Debug|Any CPU.Build.0 = Debug|Any CPU
		{24BBB88F-C0D3-48FE-9D55-3164BA945E0E}.Release|Any CPU.ActiveCfg = Release|Any CPU
		{24BBB88F-C0D3-48FE-9D55-3164BA945E0E}.Release|Any CPU.Build.0 = Release|Any CPU
		{2DE115AE-8B5A-4D13-BF2C-2CCD7BA9421C}.Debug|Any CPU.ActiveCfg = Debug|Any CPU
		{2DE115AE-8B5A-4D13-BF2C-2CCD7BA9421C}.Debug|Any CPU.Build.0 = Debug|Any CPU
		{2DE115AE-8B5A-4D13-BF2C-2CCD7BA9421C}.Release|Any CPU.ActiveCfg = Release|Any CPU
		{2DE115AE-8B5A-4D13-BF2C-2CCD7BA9421C}.Release|Any CPU.Build.0 = Release|Any CPU
		{F41773F0-43D0-4179-8422-056C840B4B71}.Debug|Any CPU.ActiveCfg = Debug|Any CPU
		{F41773F0-43D0-4179-8422-056C840B4B71}.Debug|Any CPU.Build.0 = Debug|Any CPU
		{F41773F0-43D0-4179-8422-056C840B4B71}.Release|Any CPU.ActiveCfg = Release|Any CPU
		{F41773F0-43D0-4179-8422-056C840B4B71}.Release|Any CPU.Build.0 = Release|Any CPU
	EndGlobalSection
	GlobalSection(SolutionProperties) = preSolution
		HideSolutionNode = FALSE
	EndGlobalSection
	GlobalSection(NestedProjects) = preSolution
		{A78BAC8E-41A4-4592-A426-D2DCAF487530} = {0BCD192E-7491-429C-9FC4-859D2FBAB761}
		{1DCB5588-E6ED-4CFA-A689-D0873938BBDD} = {A78BAC8E-41A4-4592-A426-D2DCAF487530}
		{C661F1C5-6390-4AEA-9F5E-ADCE3C0F403E} = {A78BAC8E-41A4-4592-A426-D2DCAF487530}
		{2729B0E7-F714-4475-BC24-5B4265872C5D} = {A78BAC8E-41A4-4592-A426-D2DCAF487530}
		{435A6112-B394-471C-9249-5B5034F92359} = {29D093F9-7757-464D-AFA9-28B4D30276E6}
		{69BCBBF2-8763-44CD-99B5-13B3127010FC} = {0BCD192E-7491-429C-9FC4-859D2FBAB761}
		{29D093F9-7757-464D-AFA9-28B4D30276E6} = {69BCBBF2-8763-44CD-99B5-13B3127010FC}
		{4A9F6AB8-7301-4D54-8E0F-1B722F8A6956} = {435A6112-B394-471C-9249-5B5034F92359}
		{226B8FD2-81DC-4788-96B9-E723F0ABBA96} = {4A9F6AB8-7301-4D54-8E0F-1B722F8A6956}
		{09844188-DCE2-45B8-9351-38918782A34B} = {29D093F9-7757-464D-AFA9-28B4D30276E6}
		{46885000-E0E9-4D95-9DFB-5EC98AFBE2B6} = {09844188-DCE2-45B8-9351-38918782A34B}
		{CEC6A60E-4538-470D-983E-9A680C8B9DE7} = {4A15FDBD-C172-4283-93E9-F0ADA27D1EBE}
		{2FE7DA4D-953E-44CF-AA48-080AA96C1526} = {29D093F9-7757-464D-AFA9-28B4D30276E6}
		{59C6C8E7-933A-4FD6-BE59-B55C762C9D85} = {455E13AB-8C77-44CE-8F99-FB33E4852FE5}
		{4A15FDBD-C172-4283-93E9-F0ADA27D1EBE} = {46885000-E0E9-4D95-9DFB-5EC98AFBE2B6}
		{2BBF1E2A-0D12-4827-8CFA-D36C4317C36C} = {46885000-E0E9-4D95-9DFB-5EC98AFBE2B6}
		{EA18C5DF-5B67-467D-9512-84B3A90D1DFD} = {46885000-E0E9-4D95-9DFB-5EC98AFBE2B6}
		{10FEB2A8-5BA5-45FB-A97E-E87288CE7F66} = {EA18C5DF-5B67-467D-9512-84B3A90D1DFD}
		{D2C98560-8544-46C3-8BFB-F600C8185083} = {EA18C5DF-5B67-467D-9512-84B3A90D1DFD}
		{8DC85047-C1A6-4CCD-87FE-763039A8A27D} = {2BBF1E2A-0D12-4827-8CFA-D36C4317C36C}
		{37EE6564-4F15-43AD-8FF1-131EB53EC152} = {2BBF1E2A-0D12-4827-8CFA-D36C4317C36C}
		{E3BFAD72-D7BB-4B6A-91F6-F9C71708C483} = {2FE7DA4D-953E-44CF-AA48-080AA96C1526}
		{50EB1573-2BF9-4471-89C3-7F3156D385B3} = {0BCD192E-7491-429C-9FC4-859D2FBAB761}
		{200C08CF-DD7A-4D44-93B5-FDA837555B66} = {50EB1573-2BF9-4471-89C3-7F3156D385B3}
		{75AE234C-3311-4B8B-B42B-9B5FF8F01E35} = {200C08CF-DD7A-4D44-93B5-FDA837555B66}
		{90018046-70B2-45AE-9864-2B891DE2760F} = {200C08CF-DD7A-4D44-93B5-FDA837555B66}
		{B90894FA-B352-4711-B42B-990BD19A3F2F} = {200C08CF-DD7A-4D44-93B5-FDA837555B66}
		{24BBB88F-C0D3-48FE-9D55-3164BA945E0E} = {200C08CF-DD7A-4D44-93B5-FDA837555B66}
		{2DE115AE-8B5A-4D13-BF2C-2CCD7BA9421C} = {932295A0-BB06-409B-9FD7-27EAD0C882D5}
		{F09145F0-BF7A-4A77-90DE-C7687585A2B6} = {09844188-DCE2-45B8-9351-38918782A34B}
		{F41773F0-43D0-4179-8422-056C840B4B71} = {F09145F0-BF7A-4A77-90DE-C7687585A2B6}
	EndGlobalSection
	GlobalSection(ExtensibilityGlobals) = postSolution
		SolutionGuid = {05EA7814-1CAB-4868-B86F-3D455B36EC3C}
	EndGlobalSection
EndGlobal
